PODS:
  - SteviaLayout (4.7.3)
  - TTGTagCollectionView (1.11.1)

DEPENDENCIES:
  - SteviaLayout
  - TTGTagCollectionView

SPEC REPOS:
  trunk:
    - SteviaLayout
    - TTGTagCollectionView

SPEC CHECKSUMS:
  SteviaLayout: c2ecdcff57d44e38fd2f65e54ad52aeae28ca0c4
  TTGTagCollectionView: 86fcbfa6a7493c9e860b01c2e693cffc8acf6de1

PODFILE CHECKSUM: e6c1aa8ca612bb29c63ad0c762a5bb85d8629dbc

COCOAPODS: 1.9.1
